
Microsoft Visual Studio Solution File, Format Version 12.00
# Visual Studio Version 17
VisualStudioVersion = 17.0.31903.59
MinimumVisualStudioVersion = 10.0.40219.1
Project("{FAE04EC0-301F-11D3-BF4B-00C04F79EFBC}") = "AdventureWorks.Domain", "AdventureWorks.Domain\AdventureWorks.Domain.csproj", "{4A1E46F3-B5FD-46B6-8485-D7D99758C122}"
EndProject
Project("{FAE04EC0-301F-11D3-BF4B-00C04F79EFBC}") = "AdventureWorks.Application", "AdventureWorks.Application\AdventureWorks.Application.csproj", "{B9A724E0-7363-4548-A037-E2354A96B9F4}"
EndProject
Project("{FAE04EC0-301F-11D3-BF4B-00C04F79EFBC}") = "AdventureWorks.Infrastructure", "AdventureWorks.Infrastructure\AdventureWorks.Infrastructure.csproj", "{DC83F0FC-1715-4989-AA2B-A015119F6504}"
EndProject
Project("{FAE04EC0-301F-11D3-BF4B-00C04F79EFBC}") = "AdventureWorks.API", "AdventureWorks.API\AdventureWorks.API.csproj", "{38D97551-FEA0-4943-86F9-7004C7D5A55A}"
EndProject
Project("{FAE04EC0-301F-11D3-BF4B-00C04F79EFBC}") = "AdventureWorks.Application.Tests", "AdventureWorks.Application.Tests\AdventureWorks.Application.Tests.csproj", "{E6809995-70AF-45BD-B94D-E10C3F74163B}"
EndProject
Project("{FAE04EC0-301F-11D3-BF4B-00C04F79EFBC}") = "SeniorReadyApi", "SeniorReadyApi\SeniorReadyApi.csproj", "{CBB63DB4-6A03-41B3-91A1-39CE1136BCCF}"
EndProject
Global
	GlobalSection(SolutionConfigurationPlatforms) = preSolution
		Debug|Any CPU = Debug|Any CPU
		Release|Any CPU = Release|Any CPU
	EndGlobalSection
	GlobalSection(SolutionProperties) = preSolution
		HideSolutionNode = FALSE
	EndGlobalSection
	GlobalSection(ProjectConfigurationPlatforms) = postSolution
		{4A1E46F3-B5FD-46B6-8485-D7D99758C122}.Debug|Any CPU.ActiveCfg = Debug|Any CPU
		{4A1E46F3-B5FD-46B6-8485-D7D99758C122}.Debug|Any CPU.Build.0 = Debug|Any CPU
		{4A1E46F3-B5FD-46B6-8485-D7D99758C122}.Release|Any CPU.ActiveCfg = Release|Any CPU
		{4A1E46F3-B5FD-46B6-8485-D7D99758C122}.Release|Any CPU.Build.0 = Release|Any CPU
		{B9A724E0-7363-4548-A037-E2354A96B9F4}.Debug|Any CPU.ActiveCfg = Debug|Any CPU
		{B9A724E0-7363-4548-A037-E2354A96B9F4}.Debug|Any CPU.Build.0 = Debug|Any CPU
		{B9A724E0-7363-4548-A037-E2354A96B9F4}.Release|Any CPU.ActiveCfg = Release|Any CPU
		{B9A724E0-7363-4548-A037-E2354A96B9F4}.Release|Any CPU.Build.0 = Release|Any CPU
		{DC83F0FC-1715-4989-AA2B-A015119F6504}.Debug|Any CPU.ActiveCfg = Debug|Any CPU
		{DC83F0FC-1715-4989-AA2B-A015119F6504}.Debug|Any CPU.Build.0 = Debug|Any CPU
		{DC83F0FC-1715-4989-AA2B-A015119F6504}.Release|Any CPU.ActiveCfg = Release|Any CPU
		{DC83F0FC-1715-4989-AA2B-A015119F6504}.Release|Any CPU.Build.0 = Release|Any CPU
		{38D97551-FEA0-4943-86F9-7004C7D5A55A}.Debug|Any CPU.ActiveCfg = Debug|Any CPU
		{38D97551-FEA0-4943-86F9-7004C7D5A55A}.Debug|Any CPU.Build.0 = Debug|Any CPU
		{38D97551-FEA0-4943-86F9-7004C7D5A55A}.Release|Any CPU.ActiveCfg = Release|Any CPU
		{38D97551-FEA0-4943-86F9-7004C7D5A55A}.Release|Any CPU.Build.0 = Release|Any CPU
		{E6809995-70AF-45BD-B94D-E10C3F74163B}.Debug|Any CPU.ActiveCfg = Debug|Any CPU
		{E6809995-70AF-45BD-B94D-E10C3F74163B}.Debug|Any CPU.Build.0 = Debug|Any CPU
		{E6809995-70AF-45BD-B94D-E10C3F74163B}.Release|Any CPU.ActiveCfg = Release|Any CPU
		{E6809995-70AF-45BD-B94D-E10C3F74163B}.Release|Any CPU.Build.0 = Release|Any CPU
		{CBB63DB4-6A03-41B3-91A1-39CE1136BCCF}.Debug|Any CPU.ActiveCfg = Debug|Any CPU
		{CBB63DB4-6A03-41B3-91A1-39CE1136BCCF}.Debug|Any CPU.Build.0 = Debug|Any CPU
		{CBB63DB4-6A03-41B3-91A1-39CE1136BCCF}.Release|Any CPU.ActiveCfg = Release|Any CPU
		{CBB63DB4-6A03-41B3-91A1-39CE1136BCCF}.Release|Any CPU.Build.0 = Release|Any CPU
	EndGlobalSection
EndGlobal
