
Microsoft Visual Studio Solution File, Format Version 12.00
# Visual Studio Version 17
VisualStudioVersion = 17.0.31903.59
MinimumVisualStudioVersion = 10.0.40219.1
Project("{FAE04EC0-301F-11D3-BF4B-00C04F79EFBC}") = "AdventureWorks.Domain", "AdventureWorks.Domain\AdventureWorks.Domain.csproj", "{4A1E46F3-B5FD-46B6-8485-D7D99758C122}"
EndProject
Project("{FAE04EC0-301F-11D3-BF4B-00C04F79EFBC}") = "AdventureWorks.Application", "AdventureWorks.Application\AdventureWorks.Application.csproj", "{B9A724E0-7363-4548-A037-E2354A96B9F4}"
EndProject
Project("{FAE04EC0-301F-11D3-BF4B-00C04F79EFBC}") = "AdventureWorks.Infrastructure", "AdventureWorks.Infrastructure\AdventureWorks.Infrastructure.csproj", "{DC83F0FC-1715-4989-AA2B-A015119F6504}"
EndProject
Project("{FAE04EC0-301F-11D3-BF4B-00C04F79EFBC}") = "AdventureWorks.API", "AdventureWorks.API\AdventureWorks.API.csproj", "{38D97551-FEA0-4943-86F9-7004C7D5A55A}"
EndProject
Project("{FAE04EC0-301F-11D3-BF4B-00C04F79EFBC}") = "AdventureWorks.Application.Tests", "AdventureWorks.Application.Tests\AdventureWorks.Application.Tests.csproj", "{E6809995-70AF-45BD-B94D-E10C3F74163B}"
EndProject
Project("{FAE04EC0-301F-11D3-BF4B-00C04F79EFBC}") = "SeniorReadyApi", "SeniorReadyApi\SeniorReadyApi.csproj", "{CBB63DB4-6A03-41B3-91A1-39CE1136BCCF}"
EndProject
Project("{2150E333-8FDC-42A3-9474-1A3956D46DE8}") = "MicroserviceDay3", "MicroserviceDay3", "{39E19618-0779-48E4-880D-B9FAB6B1FA0F}"
EndProject
Project("{FAE04EC0-301F-11D3-BF4B-00C04F79EFBC}") = "OrdersService", "MicroserviceDay3\OrdersService\OrdersService.csproj", "{D81D0835-5B2C-4774-847D-25CC927D5EEE}"
EndProject
Project("{FAE04EC0-301F-11D3-BF4B-00C04F79EFBC}") = "ProductsService", "MicroserviceDay3\ProductsService\ProductsService.csproj", "{A6C9CAC1-47C7-479F-9498-27A0CC05C14F}"
EndProject
Project("{FAE04EC0-301F-11D3-BF4B-00C04F79EFBC}") = "UsersService", "MicroserviceDay3\UsersService\UsersService.csproj", "{5356B394-B982-4038-B561-9DCAF19A0EB1}"
EndProject
Project("{FAE04EC0-301F-11D3-BF4B-00C04F79EFBC}") = "DataStructure", "DataStructure\DataStructure.csproj", "{29DAE4B7-EDFC-4E04-832A-0E486995E7D2}"
EndProject
Project("{FAE04EC0-301F-11D3-BF4B-00C04F79EFBC}") = "DesignPatterns", "DesignPatterns\DesignPatterns.csproj", "{796E4DDE-95AB-47AC-BF2A-F1C856B0664C}"
EndProject
Project("{FAE04EC0-301F-11D3-BF4B-00C04F79EFBC}") = "Sorting", "Sorting\Sorting.csproj", "{B192E1AC-8400-4955-B67E-7DAE9B0A47C5}"
EndProject
Project("{FAE04EC0-301F-11D3-BF4B-00C04F79EFBC}") = "CacheExample", "CacheExample\CacheExample.csproj", "{20895157-85A1-46D8-82A5-CB8F6A142E40}"
EndProject
Project("{FAE04EC0-301F-11D3-BF4B-00C04F79EFBC}") = "AlgorithemAndDataStructure", "AlgorithemAndDataStructure\AlgorithemAndDataStructure.csproj", "{F9036FEE-97EF-45D2-9158-365CE48A6632}"
EndProject
Project("{FAE04EC0-301F-11D3-BF4B-00C04F79EFBC}") = "AlgorithemInCSharp", "AlgorithemInCSharp\AlgorithemInCSharp.csproj", "{E0797538-1C9C-4399-BD87-805E8053A6BA}"
EndProject
Project("{FAE04EC0-301F-11D3-BF4B-00C04F79EFBC}") = "LiveCoding", "LiveCoding\LiveCoding.csproj", "{17A9F63E-E15E-4B16-B53C-67E9DDEC0159}"
EndProject
Project("{FAE04EC0-301F-11D3-BF4B-00C04F79EFBC}") = "ProblemsInCSharp", "ProblemsInCSharp\ProblemsInCSharp.csproj", "{568A4DB1-B207-4209-B0E4-4EF82B686D18}"
EndProject
Project("{FAE04EC0-301F-11D3-BF4B-00C04F79EFBC}") = "MiniDiDemo", "MiniDiDemo\MiniDiDemo.csproj", "{4503E057-957A-4EC2-ABE0-4B3F86BE4BE4}"
EndProject
Project("{FAE04EC0-301F-11D3-BF4B-00C04F79EFBC}") = "ReflectionProblems", "ReflectionProblems\ReflectionProblems.csproj", "{C6C7F9BA-7860-44CF-A555-FD70644F316B}"
EndProject
Project("{FAE04EC0-301F-11D3-BF4B-00C04F79EFBC}") = "MiddleWares", "MiddleWares\MiddleWares.csproj", "{E189E9E0-F117-4EA0-803A-ECC2B6393410}"
EndProject
Global
	GlobalSection(SolutionConfigurationPlatforms) = preSolution
		Debug|Any CPU = Debug|Any CPU
		Release|Any CPU = Release|Any CPU
	EndGlobalSection
	GlobalSection(SolutionProperties) = preSolution
		HideSolutionNode = FALSE
	EndGlobalSection
	GlobalSection(ProjectConfigurationPlatforms) = postSolution
		{4A1E46F3-B5FD-46B6-8485-D7D99758C122}.Debug|Any CPU.ActiveCfg = Debug|Any CPU
		{4A1E46F3-B5FD-46B6-8485-D7D99758C122}.Debug|Any CPU.Build.0 = Debug|Any CPU
		{4A1E46F3-B5FD-46B6-8485-D7D99758C122}.Release|Any CPU.ActiveCfg = Release|Any CPU
		{4A1E46F3-B5FD-46B6-8485-D7D99758C122}.Release|Any CPU.Build.0 = Release|Any CPU
		{B9A724E0-7363-4548-A037-E2354A96B9F4}.Debug|Any CPU.ActiveCfg = Debug|Any CPU
		{B9A724E0-7363-4548-A037-E2354A96B9F4}.Debug|Any CPU.Build.0 = Debug|Any CPU
		{B9A724E0-7363-4548-A037-E2354A96B9F4}.Release|Any CPU.ActiveCfg = Release|Any CPU
		{B9A724E0-7363-4548-A037-E2354A96B9F4}.Release|Any CPU.Build.0 = Release|Any CPU
		{DC83F0FC-1715-4989-AA2B-A015119F6504}.Debug|Any CPU.ActiveCfg = Debug|Any CPU
		{DC83F0FC-1715-4989-AA2B-A015119F6504}.Debug|Any CPU.Build.0 = Debug|Any CPU
		{DC83F0FC-1715-4989-AA2B-A015119F6504}.Release|Any CPU.ActiveCfg = Release|Any CPU
		{DC83F0FC-1715-4989-AA2B-A015119F6504}.Release|Any CPU.Build.0 = Release|Any CPU
		{38D97551-FEA0-4943-86F9-7004C7D5A55A}.Debug|Any CPU.ActiveCfg = Debug|Any CPU
		{38D97551-FEA0-4943-86F9-7004C7D5A55A}.Debug|Any CPU.Build.0 = Debug|Any CPU
		{38D97551-FEA0-4943-86F9-7004C7D5A55A}.Release|Any CPU.ActiveCfg = Release|Any CPU
		{38D97551-FEA0-4943-86F9-7004C7D5A55A}.Release|Any CPU.Build.0 = Release|Any CPU
		{E6809995-70AF-45BD-B94D-E10C3F74163B}.Debug|Any CPU.ActiveCfg = Debug|Any CPU
		{E6809995-70AF-45BD-B94D-E10C3F74163B}.Debug|Any CPU.Build.0 = Debug|Any CPU
		{E6809995-70AF-45BD-B94D-E10C3F74163B}.Release|Any CPU.ActiveCfg = Release|Any CPU
		{E6809995-70AF-45BD-B94D-E10C3F74163B}.Release|Any CPU.Build.0 = Release|Any CPU
		{CBB63DB4-6A03-41B3-91A1-39CE1136BCCF}.Debug|Any CPU.ActiveCfg = Debug|Any CPU
		{CBB63DB4-6A03-41B3-91A1-39CE1136BCCF}.Debug|Any CPU.Build.0 = Debug|Any CPU
		{CBB63DB4-6A03-41B3-91A1-39CE1136BCCF}.Release|Any CPU.ActiveCfg = Release|Any CPU
		{CBB63DB4-6A03-41B3-91A1-39CE1136BCCF}.Release|Any CPU.Build.0 = Release|Any CPU
		{D81D0835-5B2C-4774-847D-25CC927D5EEE}.Debug|Any CPU.ActiveCfg = Debug|Any CPU
		{D81D0835-5B2C-4774-847D-25CC927D5EEE}.Debug|Any CPU.Build.0 = Debug|Any CPU
		{D81D0835-5B2C-4774-847D-25CC927D5EEE}.Release|Any CPU.ActiveCfg = Release|Any CPU
		{D81D0835-5B2C-4774-847D-25CC927D5EEE}.Release|Any CPU.Build.0 = Release|Any CPU
		{A6C9CAC1-47C7-479F-9498-27A0CC05C14F}.Debug|Any CPU.ActiveCfg = Debug|Any CPU
		{A6C9CAC1-47C7-479F-9498-27A0CC05C14F}.Debug|Any CPU.Build.0 = Debug|Any CPU
		{A6C9CAC1-47C7-479F-9498-27A0CC05C14F}.Release|Any CPU.ActiveCfg = Release|Any CPU
		{A6C9CAC1-47C7-479F-9498-27A0CC05C14F}.Release|Any CPU.Build.0 = Release|Any CPU
		{5356B394-B982-4038-B561-9DCAF19A0EB1}.Debug|Any CPU.ActiveCfg = Debug|Any CPU
		{5356B394-B982-4038-B561-9DCAF19A0EB1}.Debug|Any CPU.Build.0 = Debug|Any CPU
		{5356B394-B982-4038-B561-9DCAF19A0EB1}.Release|Any CPU.ActiveCfg = Release|Any CPU
		{5356B394-B982-4038-B561-9DCAF19A0EB1}.Release|Any CPU.Build.0 = Release|Any CPU
		{29DAE4B7-EDFC-4E04-832A-0E486995E7D2}.Debug|Any CPU.ActiveCfg = Debug|Any CPU
		{29DAE4B7-EDFC-4E04-832A-0E486995E7D2}.Debug|Any CPU.Build.0 = Debug|Any CPU
		{29DAE4B7-EDFC-4E04-832A-0E486995E7D2}.Release|Any CPU.ActiveCfg = Release|Any CPU
		{29DAE4B7-EDFC-4E04-832A-0E486995E7D2}.Release|Any CPU.Build.0 = Release|Any CPU
		{796E4DDE-95AB-47AC-BF2A-F1C856B0664C}.Debug|Any CPU.ActiveCfg = Debug|Any CPU
		{796E4DDE-95AB-47AC-BF2A-F1C856B0664C}.Debug|Any CPU.Build.0 = Debug|Any CPU
		{796E4DDE-95AB-47AC-BF2A-F1C856B0664C}.Release|Any CPU.ActiveCfg = Release|Any CPU
		{796E4DDE-95AB-47AC-BF2A-F1C856B0664C}.Release|Any CPU.Build.0 = Release|Any CPU
		{B192E1AC-8400-4955-B67E-7DAE9B0A47C5}.Debug|Any CPU.ActiveCfg = Debug|Any CPU
		{B192E1AC-8400-4955-B67E-7DAE9B0A47C5}.Debug|Any CPU.Build.0 = Debug|Any CPU
		{B192E1AC-8400-4955-B67E-7DAE9B0A47C5}.Release|Any CPU.ActiveCfg = Release|Any CPU
		{B192E1AC-8400-4955-B67E-7DAE9B0A47C5}.Release|Any CPU.Build.0 = Release|Any CPU
		{20895157-85A1-46D8-82A5-CB8F6A142E40}.Debug|Any CPU.ActiveCfg = Debug|Any CPU
		{20895157-85A1-46D8-82A5-CB8F6A142E40}.Debug|Any CPU.Build.0 = Debug|Any CPU
		{20895157-85A1-46D8-82A5-CB8F6A142E40}.Release|Any CPU.ActiveCfg = Release|Any CPU
		{20895157-85A1-46D8-82A5-CB8F6A142E40}.Release|Any CPU.Build.0 = Release|Any CPU
		{F9036FEE-97EF-45D2-9158-365CE48A6632}.Debug|Any CPU.ActiveCfg = Debug|Any CPU
		{F9036FEE-97EF-45D2-9158-365CE48A6632}.Debug|Any CPU.Build.0 = Debug|Any CPU
		{F9036FEE-97EF-45D2-9158-365CE48A6632}.Release|Any CPU.ActiveCfg = Release|Any CPU
		{F9036FEE-97EF-45D2-9158-365CE48A6632}.Release|Any CPU.Build.0 = Release|Any CPU
		{E0797538-1C9C-4399-BD87-805E8053A6BA}.Debug|Any CPU.ActiveCfg = Debug|Any CPU
		{E0797538-1C9C-4399-BD87-805E8053A6BA}.Debug|Any CPU.Build.0 = Debug|Any CPU
		{E0797538-1C9C-4399-BD87-805E8053A6BA}.Release|Any CPU.ActiveCfg = Release|Any CPU
		{E0797538-1C9C-4399-BD87-805E8053A6BA}.Release|Any CPU.Build.0 = Release|Any CPU
		{17A9F63E-E15E-4B16-B53C-67E9DDEC0159}.Debug|Any CPU.ActiveCfg = Debug|Any CPU
		{17A9F63E-E15E-4B16-B53C-67E9DDEC0159}.Debug|Any CPU.Build.0 = Debug|Any CPU
		{17A9F63E-E15E-4B16-B53C-67E9DDEC0159}.Release|Any CPU.ActiveCfg = Release|Any CPU
		{17A9F63E-E15E-4B16-B53C-67E9DDEC0159}.Release|Any CPU.Build.0 = Release|Any CPU
		{568A4DB1-B207-4209-B0E4-4EF82B686D18}.Debug|Any CPU.ActiveCfg = Debug|Any CPU
		{568A4DB1-B207-4209-B0E4-4EF82B686D18}.Debug|Any CPU.Build.0 = Debug|Any CPU
		{568A4DB1-B207-4209-B0E4-4EF82B686D18}.Release|Any CPU.ActiveCfg = Release|Any CPU
		{568A4DB1-B207-4209-B0E4-4EF82B686D18}.Release|Any CPU.Build.0 = Release|Any CPU
		{4503E057-957A-4EC2-ABE0-4B3F86BE4BE4}.Debug|Any CPU.ActiveCfg = Debug|Any CPU
		{4503E057-957A-4EC2-ABE0-4B3F86BE4BE4}.Debug|Any CPU.Build.0 = Debug|Any CPU
		{4503E057-957A-4EC2-ABE0-4B3F86BE4BE4}.Release|Any CPU.ActiveCfg = Release|Any CPU
		{4503E057-957A-4EC2-ABE0-4B3F86BE4BE4}.Release|Any CPU.Build.0 = Release|Any CPU
		{C6C7F9BA-7860-44CF-A555-FD70644F316B}.Debug|Any CPU.ActiveCfg = Debug|Any CPU
		{C6C7F9BA-7860-44CF-A555-FD70644F316B}.Debug|Any CPU.Build.0 = Debug|Any CPU
		{C6C7F9BA-7860-44CF-A555-FD70644F316B}.Release|Any CPU.ActiveCfg = Release|Any CPU
		{C6C7F9BA-7860-44CF-A555-FD70644F316B}.Release|Any CPU.Build.0 = Release|Any CPU
		{E189E9E0-F117-4EA0-803A-ECC2B6393410}.Debug|Any CPU.ActiveCfg = Debug|Any CPU
		{E189E9E0-F117-4EA0-803A-ECC2B6393410}.Debug|Any CPU.Build.0 = Debug|Any CPU
		{E189E9E0-F117-4EA0-803A-ECC2B6393410}.Release|Any CPU.ActiveCfg = Release|Any CPU
		{E189E9E0-F117-4EA0-803A-ECC2B6393410}.Release|Any CPU.Build.0 = Release|Any CPU
	EndGlobalSection
	GlobalSection(NestedProjects) = preSolution
		{D81D0835-5B2C-4774-847D-25CC927D5EEE} = {39E19618-0779-48E4-880D-B9FAB6B1FA0F}
		{A6C9CAC1-47C7-479F-9498-27A0CC05C14F} = {39E19618-0779-48E4-880D-B9FAB6B1FA0F}
		{5356B394-B982-4038-B561-9DCAF19A0EB1} = {39E19618-0779-48E4-880D-B9FAB6B1FA0F}
	EndGlobalSection
EndGlobal
